
Microsoft Visual Studio Solution File, Format Version 11.00
# Visual Studio 2010
Project("{FAE04EC0-301F-11D3-BF4B-00C04F79EFBC}") = "NCDCWebService", "NCDCWebService.csproj", "{5372995A-E539-4880-B52D-507EE779A520}"
EndProject
Global
	GlobalSection(SolutionConfigurationPlatforms) = preSolution
		Debug|Any CPU = Debug|Any CPU
		Release|Any CPU = Release|Any CPU
	EndGlobalSection
	GlobalSection(ProjectConfigurationPlatforms) = postSolution
		{5372995A-E539-4880-B52D-507EE779A520}.Debug|Any CPU.ActiveCfg = Debug|Any CPU
		{5372995A-E539-4880-B52D-507EE779A520}.Debug|Any CPU.Build.0 = Debug|Any CPU
		{5372995A-E539-4880-B52D-507EE779A520}.Release|Any CPU.ActiveCfg = Release|Any CPU
		{5372995A-E539-4880-B52D-507EE779A520}.Release|Any CPU.Build.0 = Release|Any CPU
	EndGlobalSection
	GlobalSection(SolutionProperties) = preSolution
		HideSolutionNode = FALSE
	EndGlobalSection
EndGlobal
